
Microsoft Visual Studio Solution File, Format Version 11.00
# Visual Studio 2010
Project("{8BC9CEB8-8B4A-11D0-8D11-00A0C91BC942}") = "dndclient", "dndclient.vcxproj", "{9DDC79C2-0DC3-3620-B138-4D0BEEE88CC9}"
EndProject
Global
	GlobalSection(SolutionConfigurationPlatforms) = preSolution
		Debug|Win32 = Debug|Win32
		Release|Win32 = Release|Win32
	EndGlobalSection
	GlobalSection(ProjectConfigurationPlatforms) = postSolution
		{9DDC79C2-0DC3-3620-B138-4D0BEEE88CC9}.Debug|Win32.ActiveCfg = Debug|Win32
		{9DDC79C2-0DC3-3620-B138-4D0BEEE88CC9}.Debug|Win32.Build.0 = Debug|Win32
		{9DDC79C2-0DC3-3620-B138-4D0BEEE88CC9}.Release|Win32.ActiveCfg = Release|Win32
		{9DDC79C2-0DC3-3620-B138-4D0BEEE88CC9}.Release|Win32.Build.0 = Release|Win32
	EndGlobalSection
	GlobalSection(SolutionProperties) = preSolution
		HideSolutionNode = FALSE
	EndGlobalSection
EndGlobal
